
Microsoft Visual Studio Solution File, Format Version 12.00
# Visual Studio Version 17
VisualStudioVersion = 17.3.32901.215
MinimumVisualStudioVersion = 10.0.40219.1
Project("{FAE04EC0-301F-11D3-BF4B-00C04F79EFBC}") = "JenkinsAPI", "JenkinsAPI\JenkinsAPI.csproj", "{F51983B4-E852-4B7C-9275-670749B1AAF1}"
EndProject
Global
	GlobalSection(SolutionConfigurationPlatforms) = preSolution
		Debug|Any CPU = Debug|Any CPU
		Release|Any CPU = Release|Any CPU
	EndGlobalSection
	GlobalSection(ProjectConfigurationPlatforms) = postSolution
		{F51983B4-E852-4B7C-9275-670749B1AAF1}.Debug|Any CPU.ActiveCfg = Debug|Any CPU
		{F51983B4-E852-4B7C-9275-670749B1AAF1}.Debug|Any CPU.Build.0 = Debug|Any CPU
		{F51983B4-E852-4B7C-9275-670749B1AAF1}.Release|Any CPU.ActiveCfg = Release|Any CPU
		{F51983B4-E852-4B7C-9275-670749B1AAF1}.Release|Any CPU.Build.0 = Release|Any CPU
	EndGlobalSection
	GlobalSection(SolutionProperties) = preSolution
		HideSolutionNode = FALSE
	EndGlobalSection
	GlobalSection(ExtensibilityGlobals) = postSolution
		SolutionGuid = {884325CF-8AE9-4205-B21C-55FFF0F8605B}
	EndGlobalSection
EndGlobal
